PODS:
  - LFLiveKit (2.6):
    - OpenSSL-Universal (= 1.0.2.17)
  - OpenSSL-Universal (1.0.2.17)

DEPENDENCIES:
  - LFLiveKit (from `https://github.com/wojtowiczm/LFLiveKit.git`, branch `rtmps`)

SPEC REPOS:
  trunk:
    - OpenSSL-Universal

EXTERNAL SOURCES:
  LFLiveKit:
    :branch: rtmps
    :git: https://github.com/wojtowiczm/LFLiveKit.git

CHECKOUT OPTIONS:
  LFLiveKit:
    :commit: 18a877207385a4bbc395bef75c3aafc59ca0119c
    :git: https://github.com/wojtowiczm/LFLiveKit.git

SPEC CHECKSUMS:
  LFLiveKit: 1e5bf16d48e899312a549c5a45b7279f5a424c8e
  OpenSSL-Universal: ff04c2e6befc3f1247ae039e60c93f76345b3b5a

PODFILE CHECKSUM: 815e59a75bd091caee9dcb151a799a5d4b6ebc3a

COCOAPODS: 1.8.4
